
Microsoft Visual Studio Solution File, Format Version 12.00
# Visual Studio Version 17
VisualStudioVersion = 17.14.36518.9 d17.14
MinimumVisualStudioVersion = 10.0.40219.1
Project("{FAE04EC0-301F-11D3-BF4B-00C04F79EFBC}") = "SignalR", "SignalR\SignalR.csproj", "{E31D6908-263F-4CBD-91FC-87E3A2830D0D}"
EndProject
Project("{FAE04EC0-301F-11D3-BF4B-00C04F79EFBC}") = "Infrastructure", "Infrastructure\Infrastructure.csproj", "{185E481D-522C-446D-A348-D301257D523F}"
EndProject
Project("{FAE04EC0-301F-11D3-BF4B-00C04F79EFBC}") = "Application", "Application\Application.csproj", "{3B2AE809-B4C4-480C-8560-9F3F59EF90DF}"
EndProject
Project("{FAE04EC0-301F-11D3-BF4B-00C04F79EFBC}") = "Domain", "Domain\Domain.csproj", "{C873CEDD-334E-4175-A81E-2549BCE9188A}"
EndProject
Project("{2150E333-8FDC-42A3-9474-1A3956D46DE8}") = "Solution Items", "Solution Items", "{8EC462FD-D22E-90A8-E5CE-7E832BA40C5D}"
	ProjectSection(SolutionItems) = preProject
		Dockerfile = Dockerfile
	EndProjectSection
EndProject
Global
	GlobalSection(SolutionConfigurationPlatforms) = preSolution
		Debug|Any CPU = Debug|Any CPU
		Release|Any CPU = Release|Any CPU
	EndGlobalSection
	GlobalSection(ProjectConfigurationPlatforms) = postSolution
		{E31D6908-263F-4CBD-91FC-87E3A2830D0D}.Debug|Any CPU.ActiveCfg = Debug|Any CPU
		{E31D6908-263F-4CBD-91FC-87E3A2830D0D}.Debug|Any CPU.Build.0 = Debug|Any CPU
		{E31D6908-263F-4CBD-91FC-87E3A2830D0D}.Release|Any CPU.ActiveCfg = Release|Any CPU
		{E31D6908-263F-4CBD-91FC-87E3A2830D0D}.Release|Any CPU.Build.0 = Release|Any CPU
		{185E481D-522C-446D-A348-D301257D523F}.Debug|Any CPU.ActiveCfg = Debug|Any CPU
		{185E481D-522C-446D-A348-D301257D523F}.Debug|Any CPU.Build.0 = Debug|Any CPU
		{185E481D-522C-446D-A348-D301257D523F}.Release|Any CPU.ActiveCfg = Release|Any CPU
		{185E481D-522C-446D-A348-D301257D523F}.Release|Any CPU.Build.0 = Release|Any CPU
		{3B2AE809-B4C4-480C-8560-9F3F59EF90DF}.Debug|Any CPU.ActiveCfg = Debug|Any CPU
		{3B2AE809-B4C4-480C-8560-9F3F59EF90DF}.Debug|Any CPU.Build.0 = Debug|Any CPU
		{3B2AE809-B4C4-480C-8560-9F3F59EF90DF}.Release|Any CPU.ActiveCfg = Release|Any CPU
		{3B2AE809-B4C4-480C-8560-9F3F59EF90DF}.Release|Any CPU.Build.0 = Release|Any CPU
		{C873CEDD-334E-4175-A81E-2549BCE9188A}.Debug|Any CPU.ActiveCfg = Debug|Any CPU
		{C873CEDD-334E-4175-A81E-2549BCE9188A}.Debug|Any CPU.Build.0 = Debug|Any CPU
		{C873CEDD-334E-4175-A81E-2549BCE9188A}.Release|Any CPU.ActiveCfg = Release|Any CPU
		{C873CEDD-334E-4175-A81E-2549BCE9188A}.Release|Any CPU.Build.0 = Release|Any CPU
	EndGlobalSection
	GlobalSection(SolutionProperties) = preSolution
		HideSolutionNode = FALSE
	EndGlobalSection
	GlobalSection(ExtensibilityGlobals) = postSolution
		SolutionGuid = {CB113A94-D43F-4AEE-A860-F73786C27FA3}
	EndGlobalSection
EndGlobal
